
Microsoft Visual Studio Solution File, Format Version 9.00
# Visual Studio 2005
Project("{8BC9CEB8-8B4A-11D0-8D11-00A0C91BC942}") = "libmpcdec", "libmpcdec.vcproj", "{4C5362CD-0BF2-4B3B-971B-8293EB1A1DC3}"
	ProjectSection(ProjectDependencies) = postProject
		{49A26D14-0AD0-497E-A982-42BFD4D992FC} = {49A26D14-0AD0-497E-A982-42BFD4D992FC}
	EndProjectSection
EndProject
Project("{8BC9CEB8-8B4A-11D0-8D11-00A0C91BC942}") = "libwavformat", "libwavformat.vcproj", "{13D176A2-B6BB-403F-A816-AA1F388078B7}"
EndProject
Project("{8BC9CEB8-8B4A-11D0-8D11-00A0C91BC942}") = "mpcdec", "mpcdec.vcproj", "{A527175B-22A9-41AB-B2E8-580F573CCAFB}"
	ProjectSection(ProjectDependencies) = postProject
		{4C5362CD-0BF2-4B3B-971B-8293EB1A1DC3} = {4C5362CD-0BF2-4B3B-971B-8293EB1A1DC3}
		{13D176A2-B6BB-403F-A816-AA1F388078B7} = {13D176A2-B6BB-403F-A816-AA1F388078B7}
		{49A26D14-0AD0-497E-A982-42BFD4D992FC} = {49A26D14-0AD0-497E-A982-42BFD4D992FC}
	EndProjectSection
EndProject
Project("{8BC9CEB8-8B4A-11D0-8D11-00A0C91BC942}") = "libcommon", "libcommon.vcproj", "{49A26D14-0AD0-497E-A982-42BFD4D992FC}"
EndProject
Global
	GlobalSection(SolutionConfigurationPlatforms) = preSolution
		Debug|Win32 = Debug|Win32
		Release|Win32 = Release|Win32
	EndGlobalSection
	GlobalSection(ProjectConfigurationPlatforms) = postSolution
		{4C5362CD-0BF2-4B3B-971B-8293EB1A1DC3}.Debug|Win32.ActiveCfg = Debug|Win32
		{4C5362CD-0BF2-4B3B-971B-8293EB1A1DC3}.Debug|Win32.Build.0 = Debug|Win32
		{4C5362CD-0BF2-4B3B-971B-8293EB1A1DC3}.Release|Win32.ActiveCfg = Release|Win32
		{4C5362CD-0BF2-4B3B-971B-8293EB1A1DC3}.Release|Win32.Build.0 = Release|Win32
		{13D176A2-B6BB-403F-A816-AA1F388078B7}.Debug|Win32.ActiveCfg = Debug|Win32
		{13D176A2-B6BB-403F-A816-AA1F388078B7}.Debug|Win32.Build.0 = Debug|Win32
		{13D176A2-B6BB-403F-A816-AA1F388078B7}.Release|Win32.ActiveCfg = Release|Win32
		{13D176A2-B6BB-403F-A816-AA1F388078B7}.Release|Win32.Build.0 = Release|Win32
		{A527175B-22A9-41AB-B2E8-580F573CCAFB}.Debug|Win32.ActiveCfg = Debug|Win32
		{A527175B-22A9-41AB-B2E8-580F573CCAFB}.Debug|Win32.Build.0 = Debug|Win32
		{A527175B-22A9-41AB-B2E8-580F573CCAFB}.Release|Win32.ActiveCfg = Release|Win32
		{A527175B-22A9-41AB-B2E8-580F573CCAFB}.Release|Win32.Build.0 = Release|Win32
		{49A26D14-0AD0-497E-A982-42BFD4D992FC}.Debug|Win32.ActiveCfg = Debug|Win32
		{49A26D14-0AD0-497E-A982-42BFD4D992FC}.Debug|Win32.Build.0 = Debug|Win32
		{49A26D14-0AD0-497E-A982-42BFD4D992FC}.Release|Win32.ActiveCfg = Release|Win32
		{49A26D14-0AD0-497E-A982-42BFD4D992FC}.Release|Win32.Build.0 = Release|Win32
	EndGlobalSection
	GlobalSection(SolutionProperties) = preSolution
		HideSolutionNode = FALSE
	EndGlobalSection
EndGlobal
